
Microsoft Visual Studio Solution File, Format Version 12.00
# Visual Studio Version 17
VisualStudioVersion = 17.11.35312.102
MinimumVisualStudioVersion = 10.0.40219.1
Project("{FAE04EC0-301F-11D3-BF4B-00C04F79EFBC}") = "SixthLaboratoryWork", "SixthLaboratoryWork\SixthLaboratoryWork.csproj", "{BC3B7A09-6361-406A-9DEC-8354F9D083E0}"
EndProject
Global
	GlobalSection(SolutionConfigurationPlatforms) = preSolution
		Debug|Any CPU = Debug|Any CPU
		Release|Any CPU = Release|Any CPU
	EndGlobalSection
	GlobalSection(ProjectConfigurationPlatforms) = postSolution
		{BC3B7A09-6361-406A-9DEC-8354F9D083E0}.Debug|Any CPU.ActiveCfg = Debug|Any CPU
		{BC3B7A09-6361-406A-9DEC-8354F9D083E0}.Debug|Any CPU.Build.0 = Debug|Any CPU
		{BC3B7A09-6361-406A-9DEC-8354F9D083E0}.Release|Any CPU.ActiveCfg = Release|Any CPU
		{BC3B7A09-6361-406A-9DEC-8354F9D083E0}.Release|Any CPU.Build.0 = Release|Any CPU
	EndGlobalSection
	GlobalSection(SolutionProperties) = preSolution
		HideSolutionNode = FALSE
	EndGlobalSection
	GlobalSection(ExtensibilityGlobals) = postSolution
		SolutionGuid = {D392BCD9-F984-400F-B024-1B503FC160C6}
	EndGlobalSection
EndGlobal
